
Microsoft Visual Studio Solution File, Format Version 12.00
# Visual Studio Version 17
VisualStudioVersion = 17.11.35222.181
MinimumVisualStudioVersion = 10.0.40219.1
Project("{FAE04EC0-301F-11D3-BF4B-00C04F79EFBC}") = "PartyInvitesMVC", "PartyInvitesMVC.csproj", "{B09DA62E-8EFB-4C9B-ACE2-37CCA27E1F41}"
EndProject
Global
	GlobalSection(SolutionConfigurationPlatforms) = preSolution
		Debug|Any CPU = Debug|Any CPU
		Release|Any CPU = Release|Any CPU
	EndGlobalSection
	GlobalSection(ProjectConfigurationPlatforms) = postSolution
		{B09DA62E-8EFB-4C9B-ACE2-37CCA27E1F41}.Debug|Any CPU.ActiveCfg = Debug|Any CPU
		{B09DA62E-8EFB-4C9B-ACE2-37CCA27E1F41}.Debug|Any CPU.Build.0 = Debug|Any CPU
		{B09DA62E-8EFB-4C9B-ACE2-37CCA27E1F41}.Release|Any CPU.ActiveCfg = Release|Any CPU
		{B09DA62E-8EFB-4C9B-ACE2-37CCA27E1F41}.Release|Any CPU.Build.0 = Release|Any CPU
	EndGlobalSection
	GlobalSection(SolutionProperties) = preSolution
		HideSolutionNode = FALSE
	EndGlobalSection
	GlobalSection(ExtensibilityGlobals) = postSolution
		SolutionGuid = {E0787A54-DD99-4AA4-8DF1-43A1FFF894B0}
	EndGlobalSection
EndGlobal
